
Microsoft Visual Studio Solution File, Format Version 12.00
# Visual Studio Version 16
VisualStudioVersion = 16.0.28803.202
MinimumVisualStudioVersion = 10.0.40219.1
Project("{FAE04EC0-301F-11D3-BF4B-00C04F79EFBC}") = "RPSLS", "RPSLS\RPSLS.csproj", "{8086DEE2-FA2F-47E8-9001-B8BB16CC9E78}"
EndProject
Global
	GlobalSection(SolutionConfigurationPlatforms) = preSolution
		Debug|Any CPU = Debug|Any CPU
		Release|Any CPU = Release|Any CPU
	EndGlobalSection
	GlobalSection(ProjectConfigurationPlatforms) = postSolution
		{8086DEE2-FA2F-47E8-9001-B8BB16CC9E78}.Debug|Any CPU.ActiveCfg = Debug|Any CPU
		{8086DEE2-FA2F-47E8-9001-B8BB16CC9E78}.Debug|Any CPU.Build.0 = Debug|Any CPU
		{8086DEE2-FA2F-47E8-9001-B8BB16CC9E78}.Release|Any CPU.ActiveCfg = Release|Any CPU
		{8086DEE2-FA2F-47E8-9001-B8BB16CC9E78}.Release|Any CPU.Build.0 = Release|Any CPU
	EndGlobalSection
	GlobalSection(SolutionProperties) = preSolution
		HideSolutionNode = FALSE
	EndGlobalSection
	GlobalSection(ExtensibilityGlobals) = postSolution
		SolutionGuid = {44E3F24A-FF44-4E94-9F57-D9FB68846750}
	EndGlobalSection
EndGlobal
